
Microsoft Visual Studio Solution File, Format Version 12.00
# Visual Studio 2013
VisualStudioVersion = 12.0.40629.0
MinimumVisualStudioVersion = 10.0.40219.1
Project("{FAE04EC0-301F-11D3-BF4B-00C04F79EFBC}") = "PayCalculator", "PayCalculator\PayCalculator.csproj", "{506B32ED-0FDE-49A6-B123-91FC1FB2BE4C}"
EndProject
Project("{2150E333-8FDC-42A3-9474-1A3956D46DE8}") = "FakeInfra", "FakeInfra", "{1381FA43-04B0-4D30-A6C7-21962513B987}"
EndProject
Project("{FAE04EC0-301F-11D3-BF4B-00C04F79EFBC}") = "PayCalculator.Infra.WebApi", "PayCalculator\PayCalculator.Infra.WebApi\PayCalculator.Infra.WebApi.csproj", "{F5649313-B1EF-4829-ADC4-EDDBAAB92949}"
EndProject
Project("{FAE04EC0-301F-11D3-BF4B-00C04F79EFBC}") = "PayCalculator.Infra.IoC", "PayCalculator\PayCalculator.Infra.IoC\PayCalculator.Infra.IoC.csproj", "{BFE06494-A556-40D0-AE91-749254731390}"
EndProject
Project("{FAE04EC0-301F-11D3-BF4B-00C04F79EFBC}") = "PayCalculator.Infra.DataAccess", "PayCalculator\PayCalculator.Infra.DataAccess\PayCalculator.Infra.DataAccess.csproj", "{55EE4915-D5A8-4FDD-8B65-148CEE348CE7}"
EndProject
Project("{2150E333-8FDC-42A3-9474-1A3956D46DE8}") = "Core", "Core", "{64199401-A934-47D9-9B4D-6E31722D4475}"
EndProject
Project("{2150E333-8FDC-42A3-9474-1A3956D46DE8}") = "Contracts", "Contracts", "{EE9E5EFA-A313-4F3A-AF51-A44107040FB7}"
EndProject
Project("{FAE04EC0-301F-11D3-BF4B-00C04F79EFBC}") = "PayCalculator.core.Model", "PayCalculator\PayCalculator.core.Model\PayCalculator.core.Model.csproj", "{9087C591-EEAC-4254-A732-2A3AE134A1C6}"
EndProject
Project("{FAE04EC0-301F-11D3-BF4B-00C04F79EFBC}") = "PayCalculator.Contracts", "PayCalculator\PayCalculator.Contracts\PayCalculator.Contracts.csproj", "{0DB6C884-622A-4946-AD47-80BD819B860F}"
EndProject
Project("{FAE04EC0-301F-11D3-BF4B-00C04F79EFBC}") = "PayCalculator.core.BusinessObjects", "PayCalculator\PayCalculator.core.BusinessObjects\PayCalculator.core.BusinessObjects.csproj", "{13DE9634-2911-45BB-993A-C0D7FB12A759}"
EndProject
Project("{2150E333-8FDC-42A3-9474-1A3956D46DE8}") = "Tests", "Tests", "{1BD89516-97A3-4A88-AE2B-A7FB1D16EFA1}"
EndProject
Project("{2150E333-8FDC-42A3-9474-1A3956D46DE8}") = "Core", "Core", "{65A567C9-50D2-4326-BCE4-7BA6BA53FDC0}"
EndProject
Project("{2150E333-8FDC-42A3-9474-1A3956D46DE8}") = "Extensions", "Extensions", "{F15DB579-7131-4945-B55B-76D007E28DCE}"
EndProject
Project("{FAE04EC0-301F-11D3-BF4B-00C04F79EFBC}") = "PayCalculator.core.BusinessObjects.Test", "PayCalculator\PayCalculator.core.BusinessObjects.Test\PayCalculator.core.BusinessObjects.Test.csproj", "{8EDF4429-251A-416D-BB68-93F227191BCF}"
EndProject
Project("{FAE04EC0-301F-11D3-BF4B-00C04F79EFBC}") = "PayCalculator.core.BusinessServices", "PayCalculator\PayCalculator.core.BusinessServices\PayCalculator.core.BusinessServices.csproj", "{771E6362-16D5-468E-9B02-50E7CE42AA7A}"
EndProject
Project("{FAE04EC0-301F-11D3-BF4B-00C04F79EFBC}") = "PayCalculator.core.DAO", "PayCalculator\PayCalculator.core.DAO\PayCalculator.core.DAO.csproj", "{AF9750C7-E608-45D3-9699-572930C9B9F8}"
EndProject
Project("{2150E333-8FDC-42A3-9474-1A3956D46DE8}") = ".nuget", ".nuget", "{C14C6604-6366-4297-ACB1-616011EC5381}"
	ProjectSection(SolutionItems) = preProject
		.nuget\packages.config = .nuget\packages.config
	EndProjectSection
EndProject
Global
	GlobalSection(SolutionConfigurationPlatforms) = preSolution
		Debug|Any CPU = Debug|Any CPU
		Release|Any CPU = Release|Any CPU
	EndGlobalSection
	GlobalSection(ProjectConfigurationPlatforms) = postSolution
		{506B32ED-0FDE-49A6-B123-91FC1FB2BE4C}.Debug|Any CPU.ActiveCfg = Debug|Any CPU
		{506B32ED-0FDE-49A6-B123-91FC1FB2BE4C}.Debug|Any CPU.Build.0 = Debug|Any CPU
		{506B32ED-0FDE-49A6-B123-91FC1FB2BE4C}.Release|Any CPU.ActiveCfg = Release|Any CPU
		{506B32ED-0FDE-49A6-B123-91FC1FB2BE4C}.Release|Any CPU.Build.0 = Release|Any CPU
		{F5649313-B1EF-4829-ADC4-EDDBAAB92949}.Debug|Any CPU.ActiveCfg = Debug|Any CPU
		{F5649313-B1EF-4829-ADC4-EDDBAAB92949}.Debug|Any CPU.Build.0 = Debug|Any CPU
		{F5649313-B1EF-4829-ADC4-EDDBAAB92949}.Release|Any CPU.ActiveCfg = Release|Any CPU
		{F5649313-B1EF-4829-ADC4-EDDBAAB92949}.Release|Any CPU.Build.0 = Release|Any CPU
		{BFE06494-A556-40D0-AE91-749254731390}.Debug|Any CPU.ActiveCfg = Debug|Any CPU
		{BFE06494-A556-40D0-AE91-749254731390}.Debug|Any CPU.Build.0 = Debug|Any CPU
		{BFE06494-A556-40D0-AE91-749254731390}.Release|Any CPU.ActiveCfg = Release|Any CPU
		{BFE06494-A556-40D0-AE91-749254731390}.Release|Any CPU.Build.0 = Release|Any CPU
		{55EE4915-D5A8-4FDD-8B65-148CEE348CE7}.Debug|Any CPU.ActiveCfg = Debug|Any CPU
		{55EE4915-D5A8-4FDD-8B65-148CEE348CE7}.Debug|Any CPU.Build.0 = Debug|Any CPU
		{55EE4915-D5A8-4FDD-8B65-148CEE348CE7}.Release|Any CPU.ActiveCfg = Release|Any CPU
		{55EE4915-D5A8-4FDD-8B65-148CEE348CE7}.Release|Any CPU.Build.0 = Release|Any CPU
		{9087C591-EEAC-4254-A732-2A3AE134A1C6}.Debug|Any CPU.ActiveCfg = Debug|Any CPU
		{9087C591-EEAC-4254-A732-2A3AE134A1C6}.Debug|Any CPU.Build.0 = Debug|Any CPU
		{9087C591-EEAC-4254-A732-2A3AE134A1C6}.Release|Any CPU.ActiveCfg = Release|Any CPU
		{9087C591-EEAC-4254-A732-2A3AE134A1C6}.Release|Any CPU.Build.0 = Release|Any CPU
		{0DB6C884-622A-4946-AD47-80BD819B860F}.Debug|Any CPU.ActiveCfg = Debug|Any CPU
		{0DB6C884-622A-4946-AD47-80BD819B860F}.Debug|Any CPU.Build.0 = Debug|Any CPU
		{0DB6C884-622A-4946-AD47-80BD819B860F}.Release|Any CPU.ActiveCfg = Release|Any CPU
		{0DB6C884-622A-4946-AD47-80BD819B860F}.Release|Any CPU.Build.0 = Release|Any CPU
		{13DE9634-2911-45BB-993A-C0D7FB12A759}.Debug|Any CPU.ActiveCfg = Debug|Any CPU
		{13DE9634-2911-45BB-993A-C0D7FB12A759}.Debug|Any CPU.Build.0 = Debug|Any CPU
		{13DE9634-2911-45BB-993A-C0D7FB12A759}.Release|Any CPU.ActiveCfg = Release|Any CPU
		{13DE9634-2911-45BB-993A-C0D7FB12A759}.Release|Any CPU.Build.0 = Release|Any CPU
		{8EDF4429-251A-416D-BB68-93F227191BCF}.Debug|Any CPU.ActiveCfg = Debug|Any CPU
		{8EDF4429-251A-416D-BB68-93F227191BCF}.Debug|Any CPU.Build.0 = Debug|Any CPU
		{8EDF4429-251A-416D-BB68-93F227191BCF}.Release|Any CPU.ActiveCfg = Release|Any CPU
		{8EDF4429-251A-416D-BB68-93F227191BCF}.Release|Any CPU.Build.0 = Release|Any CPU
		{771E6362-16D5-468E-9B02-50E7CE42AA7A}.Debug|Any CPU.ActiveCfg = Debug|Any CPU
		{771E6362-16D5-468E-9B02-50E7CE42AA7A}.Debug|Any CPU.Build.0 = Debug|Any CPU
		{771E6362-16D5-468E-9B02-50E7CE42AA7A}.Release|Any CPU.ActiveCfg = Release|Any CPU
		{771E6362-16D5-468E-9B02-50E7CE42AA7A}.Release|Any CPU.Build.0 = Release|Any CPU
		{AF9750C7-E608-45D3-9699-572930C9B9F8}.Debug|Any CPU.ActiveCfg = Debug|Any CPU
		{AF9750C7-E608-45D3-9699-572930C9B9F8}.Debug|Any CPU.Build.0 = Debug|Any CPU
		{AF9750C7-E608-45D3-9699-572930C9B9F8}.Release|Any CPU.ActiveCfg = Release|Any CPU
		{AF9750C7-E608-45D3-9699-572930C9B9F8}.Release|Any CPU.Build.0 = Release|Any CPU
	EndGlobalSection
	GlobalSection(SolutionProperties) = preSolution
		HideSolutionNode = FALSE
	EndGlobalSection
	GlobalSection(NestedProjects) = preSolution
		{F5649313-B1EF-4829-ADC4-EDDBAAB92949} = {1381FA43-04B0-4D30-A6C7-21962513B987}
		{BFE06494-A556-40D0-AE91-749254731390} = {1381FA43-04B0-4D30-A6C7-21962513B987}
		{55EE4915-D5A8-4FDD-8B65-148CEE348CE7} = {1381FA43-04B0-4D30-A6C7-21962513B987}
		{9087C591-EEAC-4254-A732-2A3AE134A1C6} = {64199401-A934-47D9-9B4D-6E31722D4475}
		{0DB6C884-622A-4946-AD47-80BD819B860F} = {EE9E5EFA-A313-4F3A-AF51-A44107040FB7}
		{13DE9634-2911-45BB-993A-C0D7FB12A759} = {64199401-A934-47D9-9B4D-6E31722D4475}
		{65A567C9-50D2-4326-BCE4-7BA6BA53FDC0} = {1BD89516-97A3-4A88-AE2B-A7FB1D16EFA1}
		{F15DB579-7131-4945-B55B-76D007E28DCE} = {1BD89516-97A3-4A88-AE2B-A7FB1D16EFA1}
		{8EDF4429-251A-416D-BB68-93F227191BCF} = {65A567C9-50D2-4326-BCE4-7BA6BA53FDC0}
		{771E6362-16D5-468E-9B02-50E7CE42AA7A} = {64199401-A934-47D9-9B4D-6E31722D4475}
		{AF9750C7-E608-45D3-9699-572930C9B9F8} = {64199401-A934-47D9-9B4D-6E31722D4475}
	EndGlobalSection
EndGlobal
